
Microsoft Visual Studio Solution File, Format Version 12.00
# Visual Studio Version 17
VisualStudioVersion = 17.2.32516.85
MinimumVisualStudioVersion = 10.0.40219.1
Project("{FAE04EC0-301F-11D3-BF4B-00C04F79EFBC}") = "Api", "src\Api\Api.csproj", "{7242A392-FC28-4335-A501-7C256E1556AD}"
EndProject
Project("{FAE04EC0-301F-11D3-BF4B-00C04F79EFBC}") = "Db", "src\Db\Db.csproj", "{14924689-7DB9-454A-BE0E-4670814DA8D5}"
EndProject
Project("{2150E333-8FDC-42A3-9474-1A3956D46DE8}") = "src", "src", "{A17152A8-C384-4999-98B9-9C95AC0706D1}"
EndProject
Global
	GlobalSection(SolutionConfigurationPlatforms) = preSolution
		Debug|Any CPU = Debug|Any CPU
		Release|Any CPU = Release|Any CPU
	EndGlobalSection
	GlobalSection(ProjectConfigurationPlatforms) = postSolution
		{7242A392-FC28-4335-A501-7C256E1556AD}.Debug|Any CPU.ActiveCfg = Debug|Any CPU
		{7242A392-FC28-4335-A501-7C256E1556AD}.Debug|Any CPU.Build.0 = Debug|Any CPU
		{7242A392-FC28-4335-A501-7C256E1556AD}.Release|Any CPU.ActiveCfg = Release|Any CPU
		{7242A392-FC28-4335-A501-7C256E1556AD}.Release|Any CPU.Build.0 = Release|Any CPU
		{14924689-7DB9-454A-BE0E-4670814DA8D5}.Debug|Any CPU.ActiveCfg = Debug|Any CPU
		{14924689-7DB9-454A-BE0E-4670814DA8D5}.Debug|Any CPU.Build.0 = Debug|Any CPU
		{14924689-7DB9-454A-BE0E-4670814DA8D5}.Release|Any CPU.ActiveCfg = Release|Any CPU
		{14924689-7DB9-454A-BE0E-4670814DA8D5}.Release|Any CPU.Build.0 = Release|Any CPU
	EndGlobalSection
	GlobalSection(SolutionProperties) = preSolution
		HideSolutionNode = FALSE
	EndGlobalSection
	GlobalSection(NestedProjects) = preSolution
		{7242A392-FC28-4335-A501-7C256E1556AD} = {A17152A8-C384-4999-98B9-9C95AC0706D1}
		{14924689-7DB9-454A-BE0E-4670814DA8D5} = {A17152A8-C384-4999-98B9-9C95AC0706D1}
	EndGlobalSection
	GlobalSection(ExtensibilityGlobals) = postSolution
		SolutionGuid = {A104292A-9C06-46D4-B065-8D722DCE0CC7}
	EndGlobalSection
EndGlobal
